// !$*UTF8*$!
{
	archiveVersion = 1;
	classes = {
	};
	objectVersion = 46;
	objects = {

/* Begin PBXBuildFile section */
		EC0F9B6E1B4D4F43008B55FC /* main.m in Sources */ = {isa = PBXBuildFile; fileRef = EC0F9B6D1B4D4F43008B55FC /* main.m */; };
		EC0F9B711B4D4F43008B55FC /* AppDelegate.m in Sources */ = {isa = PBXBuildFile; fileRef = EC0F9B701B4D4F43008B55FC /* AppDelegate.m */; };
		EC0F9B731B4D4F43008B55FC /* Images.xcassets in Resources */ = {isa = PBXBuildFile; fileRef = EC0F9B721B4D4F43008B55FC /* Images.xcassets */; };
		EC0F9B761B4D4F43008B55FC /* LaunchScreen.xib in Resources */ = {isa = PBXBuildFile; fileRef = EC0F9B741B4D4F43008B55FC /* LaunchScreen.xib */; };
		EC0F9B821B4D4F43008B55FC /* _____Tests.m in Sources */ = {isa = PBXBuildFile; fileRef = EC0F9B811B4D4F43008B55FC /* _____Tests.m */; };
		EC0F9B8D1B4D4F4D008B55FC /* RootViewController.m in Sources */ = {isa = PBXBuildFile; fileRef = EC0F9B8C1B4D4F4D008B55FC /* RootViewController.m */; };
/* End PBXBuildFile section */

/* Begin PBXContainerItemProxy section */
		EC0F9B7C1B4D4F43008B55FC /* PBXContainerItemProxy */ = {
			isa = PBXContainerItemProxy;
			containerPortal = EC0F9B601B4D4F43008B55FC /* Project object */;
			proxyType = 1;
			remoteGlobalIDString = EC0F9B671B4D4F43008B55FC;
			remoteInfo = "录音和播放";
		};
/* End PBXContainerItemProxy section */

/* Begin PBXFileReference section */
		EC0F9B681B4D4F43008B55FC /* 录音和播放.app */ = {isa = PBXFileReference; explicitFileType = wrapper.application; includeInIndex = 0; path = "录音和播放.app"; sourceTree = BUILT_PRODUCTS_DIR; };
		EC0F9B6C1B4D4F43008B55FC /* Info.plist */ = {isa = PBXFileReference; lastKnownFileType = text.plist.xml; path = Info.plist; sourceTree = "<group>"; };
		EC0F9B6D1B4D4F43008B55FC /* main.m */ = {isa = PBXFileReference; lastKnownFileType = sourcecode.c.objc; path = main.m; sourceTree = "<group>"; };
		EC0F9B6F1B4D4F43008B55FC /* AppDelegate.h */ = {isa = PBXFileReference; lastKnownFileType = sourcecode.c.h; path = AppDelegate.h; sourceTree = "<group>"; };
		EC0F9B701B4D4F43008B55FC /* AppDelegate.m */ = {isa = PBXFileReference; lastKnownFileType = sourcecode.c.objc; path = AppDelegate.m; sourceTree = "<group>"; };
		EC0F9B721B4D4F43008B55FC /* Images.xcassets */ = {isa = PBXFileReference; lastKnownFileType = folder.assetcatalog; path = Images.xcassets; sourceTree = "<group>"; };
		EC0F9B751B4D4F43008B55FC /* Base */ = {isa = PBXFileReference; lastKnownFileType = file.xib; name = Base; path = Base.lproj/LaunchScreen.xib; sourceTree = "<group>"; };
		EC0F9B7B1B4D4F43008B55FC /* 录音和播放Tests.xctest */ = {isa = PBXFileReference; explicitFileType = wrapper.cfbundle; includeInIndex = 0; path = "录音和播放Tests.xctest"; sourceTree = BUILT_PRODUCTS_DIR; };
		EC0F9B801B4D4F43008B55FC /* Info.plist */ = {isa = PBXFileReference; lastKnownFileType = text.plist.xml; path = Info.plist; sourceTree = "<group>"; };
		EC0F9B811B4D4F43008B55FC /* _____Tests.m */ = {isa = PBXFileReference; lastKnownFileType = sourcecode.c.objc; path = "_____Tests.m"; sourceTree = "<group>"; };
		EC0F9B8B1B4D4F4D008B55FC /* RootViewController.h */ = {isa = PBXFileReference; fileEncoding = 4; lastKnownFileType = sourcecode.c.h; path = RootViewController.h; sourceTree = "<group>"; };
		EC0F9B8C1B4D4F4D008B55FC /* RootViewController.m */ = {isa = PBXFileReference; fileEncoding = 4; lastKnownFileType = sourcecode.c.objc; path = RootViewController.m; sourceTree = "<group>"; };
/* End PBXFileReference section */

/* Begin PBXFrameworksBuildPhase section */
		EC0F9B651B4D4F43008B55FC /* Frameworks */ = {
			isa = PBXFrameworksBuildPhase;
			buildActionMask = 2147483647;
			files = (
			);
			runOnlyForDeploymentPostprocessing = 0;
		};
		EC0F9B781B4D4F43008B55FC /* Frameworks */ = {
			isa = PBXFrameworksBuildPhase;
			buildActionMask = 2147483647;
			files = (
			);
			runOnlyForDeploymentPostprocessing = 0;
		};
/* End PBXFrameworksBuildPhase section */

/* Begin PBXGroup section */
		EC0F9B5F1B4D4F43008B55FC = {
			isa = PBXGroup;
			children = (
				EC0F9B6A1B4D4F43008B55FC /* 录音和播放 */,
				EC0F9B7E1B4D4F43008B55FC /* 录音和播放Tests */,
				EC0F9B691B4D4F43008B55FC /* Products */,
			);
			sourceTree = "<group>";
		};
		EC0F9B691B4D4F43008B55FC /* Products */ = {
			isa = PBXGroup;
			children = (
				EC0F9B681B4D4F43008B55FC /* 录音和播放.app */,
				EC0F9B7B1B4D4F43008B55FC /* 录音和播放Tests.xctest */,
			);
			name = Products;
			sourceTree = "<group>";
		};
		EC0F9B6A1B4D4F43008B55FC /* 录音和播放 */ = {
			isa = PBXGroup;
			children = (
				EC0F9B6F1B4D4F43008B55FC /* AppDelegate.h */,
				EC0F9B701B4D4F43008B55FC /* AppDelegate.m */,
				EC0F9B8B1B4D4F4D008B55FC /* RootViewController.h */,
				EC0F9B8C1B4D4F4D008B55FC /* RootViewController.m */,
				EC0F9B721B4D4F43008B55FC /* Images.xcassets */,
				EC0F9B741B4D4F43008B55FC /* LaunchScreen.xib */,
				EC0F9B6B1B4D4F43008B55FC /* Supporting Files */,
			);
			path = "录音和播放";
			sourceTree = "<group>";
		};
		EC0F9B6B1B4D4F43008B55FC /* Supporting Files */ = {
			isa = PBXGroup;
			children = (
				EC0F9B6C1B4D4F43008B55FC /* Info.plist */,
				EC0F9B6D1B4D4F43008B55FC /* main.m */,
			);
			name = "Supporting Files";
			sourceTree = "<group>";
		};
		EC0F9B7E1B4D4F43008B55FC /* 录音和播放Tests */ = {
			isa = PBXGroup;
			children = (
				EC0F9B811B4D4F43008B55FC /* _____Tests.m */,
				EC0F9B7F1B4D4F43008B55FC /* Supporting Files */,
			);
			path = "录音和播放Tests";
			sourceTree = "<group>";
		};
		EC0F9B7F1B4D4F43008B55FC /* Supporting Files */ = {
			isa = PBXGroup;
			children = (
				EC0F9B801B4D4F43008B55FC /* Info.plist */,
			);
			name = "Supporting Files";
			sourceTree = "<group>";
		};
/* End PBXGroup section */

/* Begin PBXNativeTarget section */
		EC0F9B671B4D4F43008B55FC /* 录音和播放 */ = {
			isa = PBXNativeTarget;
			buildConfigurationList = EC0F9B851B4D4F43008B55FC /* Build configuration list for PBXNativeTarget "录音和播放" */;
			buildPhases = (
				EC0F9B641B4D4F43008B55FC /* Sources */,
				EC0F9B651B4D4F43008B55FC /* Frameworks */,
				EC0F9B661B4D4F43008B55FC /* Resources */,
			);
			buildRules = (
			);
			dependencies = (
			);
			name = "录音和播放";
			productName = "录音和播放";
			productReference = EC0F9B681B4D4F43008B55FC /* 录音和播放.app */;
			productType = "com.apple.product-type.application";
		};
		EC0F9B7A1B4D4F43008B55FC /* 录音和播放Tests */ = {
			isa = PBXNativeTarget;
			buildConfigurationList = EC0F9B881B4D4F43008B55FC /* Build configuration list for PBXNativeTarget "录音和播放Tests" */;
			buildPhases = (
				EC0F9B771B4D4F43008B55FC /* Sources */,
				EC0F9B781B4D4F43008B55FC /* Frameworks */,
				EC0F9B791B4D4F43008B55FC /* Resources */,
			);
			buildRules = (
			);
			dependencies = (
				EC0F9B7D1B4D4F43008B55FC /* PBXTargetDependency */,
			);
			name = "录音和播放Tests";
			productName = "录音和播放Tests";
			productReference = EC0F9B7B1B4D4F43008B55FC /* 录音和播放Tests.xctest */;
			productType = "com.apple.product-type.bundle.unit-test";
		};
/* End PBXNativeTarget section */

/* Begin PBXProject section */
		EC0F9B601B4D4F43008B55FC /* Project object */ = {
			isa = PBXProject;
			attributes = {
				LastUpgradeCheck = 0630;
				ORGANIZATIONNAME = "盛辰";
				TargetAttributes = {
					EC0F9B671B4D4F43008B55FC = {
						CreatedOnToolsVersion = 6.3.1;
					};
					EC0F9B7A1B4D4F43008B55FC = {
						CreatedOnToolsVersion = 6.3.1;
						TestTargetID = EC0F9B671B4D4F43008B55FC;
					};
				};
			};
			buildConfigurationList = EC0F9B631B4D4F43008B55FC /* Build configuration list for PBXProject "录音和播放" */;
			compatibilityVersion = "Xcode 3.2";
			developmentRegion = English;
			hasScannedForEncodings = 0;
			knownRegions = (
				en,
				Base,
			);
			mainGroup = EC0F9B5F1B4D4F43008B55FC;
			productRefGroup = EC0F9B691B4D4F43008B55FC /* Products */;
			projectDirPath = "";
			projectRoot = "";
			targets = (
				EC0F9B671B4D4F43008B55FC /* 录音和播放 */,
				EC0F9B7A1B4D4F43008B55FC /* 录音和播放Tests */,
			);
		};
/* End PBXProject section */

/* Begin PBXResourcesBuildPhase section */
		EC0F9B661B4D4F43008B55FC /* Resources */ = {
			isa = PBXResourcesBuildPhase;
			buildActionMask = 2147483647;
			files = (
				EC0F9B761B4D4F43008B55FC /* LaunchScreen.xib in Resources */,
				EC0F9B731B4D4F43008B55FC /* Images.xcassets in Resources */,
			);
			runOnlyForDeploymentPostprocessing = 0;
		};
		EC0F9B791B4D4F43008B55FC /* Resources */ = {
			isa = PBXResourcesBuildPhase;
			buildActionMask = 2147483647;
			files = (
			);
			runOnlyForDeploymentPostprocessing = 0;
		};
/* End PBXResourcesBuildPhase section */

/* Begin PBXSourcesBuildPhase section */
		EC0F9B641B4D4F43008B55FC /* Sources */ = {
			isa = PBXSourcesBuildPhase;
			buildActionMask = 2147483647;
			files = (
				EC0F9B711B4D4F43008B55FC /* AppDelegate.m in Sources */,
				EC0F9B6E1B4D4F43008B55FC /* main.m in Sources */,
				EC0F9B8D1B4D4F4D008B55FC /* RootViewController.m in Sources */,
			);
			runOnlyForDeploymentPostprocessing = 0;
		};
		EC0F9B771B4D4F43008B55FC /* Sources */ = {
			isa = PBXSourcesBuildPhase;
			buildActionMask = 2147483647;
			files = (
				EC0F9B821B4D4F43008B55FC /* _____Tests.m in Sources */,
			);
			runOnlyForDeploymentPostprocessing = 0;
		};
/* End PBXSourcesBuildPhase section */

/* Begin PBXTargetDependency section */
		EC0F9B7D1B4D4F43008B55FC /* PBXTargetDependency */ = {
			isa = PBXTargetDependency;
			target = EC0F9B671B4D4F43008B55FC /* 录音和播放 */;
			targetProxy = EC0F9B7C1B4D4F43008B55FC /* PBXContainerItemProxy */;
		};
/* End PBXTargetDependency section */

/* Begin PBXVariantGroup section */
		EC0F9B741B4D4F43008B55FC /* LaunchScreen.xib */ = {
			isa = PBXVariantGroup;
			children = (
				EC0F9B751B4D4F43008B55FC /* Base */,
			);
			name = LaunchScreen.xib;
			sourceTree = "<group>";
		};
/* End PBXVariantGroup section */

/* Begin XCBuildConfiguration section */
		EC0F9B831B4D4F43008B55FC /* Debug */ = {
			isa = XCBuildConfiguration;
			buildSettings = {
				ALWAYS_SEARCH_USER_PATHS = NO;
				CLANG_CXX_LANGUAGE_STANDARD = "gnu++0x";
				CLANG_CXX_LIBRARY = "libc++";
				CLANG_ENABLE_MODULES = YES;
				CLANG_ENABLE_OBJC_ARC = YES;
				CLANG_WARN_BOOL_CONVERSION = YES;
				CLANG_WARN_CONSTANT_CONVERSION = YES;
				CLANG_WARN_DIRECT_OBJC_ISA_USAGE = YES_ERROR;
				CLANG_WARN_EMPTY_BODY = YES;
				CLANG_WARN_ENUM_CONVERSION = YES;
				CLANG_WARN_INT_CONVERSION = YES;
				CLANG_WARN_OBJC_ROOT_CLASS = YES_ERROR;
				CLANG_WARN_UNREACHABLE_CODE = YES;
				CLANG_WARN__DUPLICATE_METHOD_MATCH = YES;
				"CODE_SIGN_IDENTITY[sdk=iphoneos*]" = "iPhone Developer";
				COPY_PHASE_STRIP = NO;
				DEBUG_INFORMATION_FORMAT = "dwarf-with-dsym";
				ENABLE_STRICT_OBJC_MSGSEND = YES;
				GCC_C_LANGUAGE_STANDARD = gnu99;
				GCC_DYNAMIC_NO_PIC = NO;
				GCC_NO_COMMON_BLOCKS = YES;
				GCC_OPTIMIZATION_LEVEL = 0;
				GCC_PREPROCESSOR_DEFINITIONS = (
					"DEBUG=1",
					"$(inherited)",
				);
				GCC_SYMBOLS_PRIVATE_EXTERN = NO;
				GCC_WARN_64_TO_32_BIT_CONVERSION = YES;
				GCC_WARN_ABOUT_RETURN_TYPE = YES_ERROR;
				GCC_WARN_UNDECLARED_SELECTOR = YES;
				GCC_WARN_UNINITIALIZED_AUTOS = YES_AGGRESSIVE;
				GCC_WARN_UNUSED_FUNCTION = YES;
				GCC_WARN_UNUSED_VARIABLE = YES;
				IPHONEOS_DEPLOYMENT_TARGET = 8.3;
				MTL_ENABLE_DEBUG_INFO = YES;
				ONLY_ACTIVE_ARCH = YES;
				SDKROOT = iphoneos;
			};
			name = Debug;
		};
		EC0F9B841B4D4F43008B55FC /* Release */ = {
			isa = XCBuildConfiguration;
			buildSettings = {
				ALWAYS_SEARCH_USER_PATHS = NO;
				CLANG_CXX_LANGUAGE_STANDARD = "gnu++0x";
				CLANG_CXX_LIBRARY = "libc++";
				CLANG_ENABLE_MODULES = YES;
				CLANG_ENABLE_OBJC_ARC = YES;
				CLANG_WARN_BOOL_CONVERSION = YES;
				CLANG_WARN_CONSTANT_CONVERSION = YES;
				CLANG_WARN_DIRECT_OBJC_ISA_USAGE = YES_ERROR;
				CLANG_WARN_EMPTY_BODY = YES;
				CLANG_WARN_ENUM_CONVERSION = YES;
				CLANG_WARN_INT_CONVERSION = YES;
				CLANG_WARN_OBJC_ROOT_CLASS = YES_ERROR;
				CLANG_WARN_UNREACHABLE_CODE = YES;
				CLANG_WARN__DUPLICATE_METHOD_MATCH = YES;
				"CODE_SIGN_IDENTITY[sdk=iphoneos*]" = "iPhone Developer";
				COPY_PHASE_STRIP = NO;
				DEBUG_INFORMATION_FORMAT = "dwarf-with-dsym";
				ENABLE_NS_ASSERTIONS = NO;
				ENABLE_STRICT_OBJC_MSGSEND = YES;
				GCC_C_LANGUAGE_STANDARD = gnu99;
				GCC_NO_COMMON_BLOCKS = YES;
				GCC_WARN_64_TO_32_BIT_CONVERSION = YES;
				GCC_WARN_ABOUT_RETURN_TYPE = YES_ERROR;
				GCC_WARN_UNDECLARED_SELECTOR = YES;
				GCC_WARN_UNINITIALIZED_AUTOS = YES_AGGRESSIVE;
				GCC_WARN_UNUSED_FUNCTION = YES;
				GCC_WARN_UNUSED_VARIABLE = YES;
				IPHONEOS_DEPLOYMENT_TARGET = 8.3;
				MTL_ENABLE_DEBUG_INFO = NO;
				SDKROOT = iphoneos;
				VALIDATE_PRODUCT = YES;
			};
			name = Release;
		};
		EC0F9B861B4D4F43008B55FC /* Debug */ = {
			isa = XCBuildConfiguration;
			buildSettings = {
				ASSETCATALOG_COMPILER_APPICON_NAME = AppIcon;
				CODE_SIGN_IDENTITY = "iPhone Developer: Yayun Cui (G392G3GC66)";
				INFOPLIST_FILE = "录音和播放/Info.plist";
				IPHONEOS_DEPLOYMENT_TARGET = 7.0;
				LD_RUNPATH_SEARCH_PATHS = "$(inherited) @executable_path/Frameworks";
				PRODUCT_NAME = "$(TARGET_NAME)";
				PROVISIONING_PROFILE = "9501bc2b-cf1c-4203-8780-ff7162b0e944";
			};
			name = Debug;
		};
		EC0F9B871B4D4F43008B55FC /* Release */ = {
			isa = XCBuildConfiguration;
			buildSettings = {
				ASSETCATALOG_COMPILER_APPICON_NAME = AppIcon;
				CODE_SIGN_IDENTITY = "iPhone Developer: Yayun Cui (G392G3GC66)";
				INFOPLIST_FILE = "录音和播放/Info.plist";
				IPHONEOS_DEPLOYMENT_TARGET = 7.0;
				LD_RUNPATH_SEARCH_PATHS = "$(inherited) @executable_path/Frameworks";
				PRODUCT_NAME = "$(TARGET_NAME)";
				PROVISIONING_PROFILE = "9501bc2b-cf1c-4203-8780-ff7162b0e944";
			};
			name = Release;
		};
		EC0F9B891B4D4F43008B55FC /* Debug */ = {
			isa = XCBuildConfiguration;
			buildSettings = {
				BUNDLE_LOADER = "$(TEST_HOST)";
				FRAMEWORK_SEARCH_PATHS = (
					"$(SDKROOT)/Developer/Library/Frameworks",
					"$(inherited)",
				);
				GCC_PREPROCESSOR_DEFINITIONS = (
					"DEBUG=1",
					"$(inherited)",
				);
				INFOPLIST_FILE = "录音和播放Tests/Info.plist";
				LD_RUNPATH_SEARCH_PATHS = "$(inherited) @executable_path/Frameworks @loader_path/Frameworks";
				PRODUCT_NAME = "$(TARGET_NAME)";
				TEST_HOST = "$(BUILT_PRODUCTS_DIR)/录音和播放.app/录音和播放";
			};
			name = Debug;
		};
		EC0F9B8A1B4D4F43008B55FC /* Release */ = {
			isa = XCBuildConfiguration;
			buildSettings = {
				BUNDLE_LOADER = "$(TEST_HOST)";
				FRAMEWORK_SEARCH_PATHS = (
					"$(SDKROOT)/Developer/Library/Frameworks",
					"$(inherited)",
				);
				INFOPLIST_FILE = "录音和播放Tests/Info.plist";
				LD_RUNPATH_SEARCH_PATHS = "$(inherited) @executable_path/Frameworks @loader_path/Frameworks";
				PRODUCT_NAME = "$(TARGET_NAME)";
				TEST_HOST = "$(BUILT_PRODUCTS_DIR)/录音和播放.app/录音和播放";
			};
			name = Release;
		};
/* End XCBuildConfiguration section */

/* Begin XCConfigurationList section */
		EC0F9B631B4D4F43008B55FC /* Build configuration list for PBXProject "录音和播放" */ = {
			isa = XCConfigurationList;
			buildConfigurations = (
				EC0F9B831B4D4F43008B55FC /* Debug */,
				EC0F9B841B4D4F43008B55FC /* Release */,
			);
			defaultConfigurationIsVisible = 0;
			defaultConfigurationName = Release;
		};
		EC0F9B851B4D4F43008B55FC /* Build configuration list for PBXNativeTarget "录音和播放" */ = {
			isa = XCConfigurationList;
			buildConfigurations = (
				EC0F9B861B4D4F43008B55FC /* Debug */,
				EC0F9B871B4D4F43008B55FC /* Release */,
			);
			defaultConfigurationIsVisible = 0;
		};
		EC0F9B881B4D4F43008B55FC /* Build configuration list for PBXNativeTarget "录音和播放Tests" */ = {
			isa = XCConfigurationList;
			buildConfigurations = (
				EC0F9B891B4D4F43008B55FC /* Debug */,
				EC0F9B8A1B4D4F43008B55FC /* Release */,
			);
			defaultConfigurationIsVisible = 0;
		};
/* End XCConfigurationList section */
	};
	rootObject = EC0F9B601B4D4F43008B55FC /* Project object */;
}
